
Microsoft Visual Studio Solution File, Format Version 12.00
# Visual Studio Version 17
VisualStudioVersion = 17.7.34221.43
MinimumVisualStudioVersion = 10.0.40219.1
Project("{FAE04EC0-301F-11D3-BF4B-00C04F79EFBC}") = "AlumnosAPI10", "AlumnosAPI10\AlumnosAPI10.csproj", "{85FD34F5-BC69-48BC-A912-3D250C979B4B}"
EndProject
Global
	GlobalSection(SolutionConfigurationPlatforms) = preSolution
		Debug|Any CPU = Debug|Any CPU
		Release|Any CPU = Release|Any CPU
	EndGlobalSection
	GlobalSection(ProjectConfigurationPlatforms) = postSolution
		{85FD34F5-BC69-48BC-A912-3D250C979B4B}.Debug|Any CPU.ActiveCfg = Debug|Any CPU
		{85FD34F5-BC69-48BC-A912-3D250C979B4B}.Debug|Any CPU.Build.0 = Debug|Any CPU
		{85FD34F5-BC69-48BC-A912-3D250C979B4B}.Release|Any CPU.ActiveCfg = Release|Any CPU
		{85FD34F5-BC69-48BC-A912-3D250C979B4B}.Release|Any CPU.Build.0 = Release|Any CPU
	EndGlobalSection
	GlobalSection(SolutionProperties) = preSolution
		HideSolutionNode = FALSE
	EndGlobalSection
	GlobalSection(ExtensibilityGlobals) = postSolution
		SolutionGuid = {E0B6455F-E09F-4F30-83A2-262BB7DF88E2}
	EndGlobalSection
EndGlobal
